
Microsoft Visual Studio Solution File, Format Version 12.00
# Visual Studio 15
VisualStudioVersion = 15.0.28010.2036
MinimumVisualStudioVersion = 10.0.40219.1
Project("{8BC9CEB8-8B4A-11D0-8D11-00A0C91BC942}") = "Chapter_2_1", "Chapter_2\Chapter_2.vcxproj", "{59079C59-7FA8-47F2-B06A-44C9214023FC}"
EndProject
Project("{8BC9CEB8-8B4A-11D0-8D11-00A0C91BC942}") = "Chapter_3_1", "Chapter_3\Chapter_3.vcxproj", "{DB60D192-D67F-436A-B7FA-5B37E4E87933}"
EndProject
Project("{8BC9CEB8-8B4A-11D0-8D11-00A0C91BC942}") = "Chapter_1_1", "Chapter_1\Chapter_1.vcxproj", "{04E2BCC6-EB1C-4AFE-B15F-89723C7F4722}"
EndProject
Project("{8BC9CEB8-8B4A-11D0-8D11-00A0C91BC942}") = "Chapter_4_1", "Chapter_4\Chapter_4.vcxproj", "{944ED506-43A6-4082-97DF-971668316C9B}"
EndProject
Project("{8BC9CEB8-8B4A-11D0-8D11-00A0C91BC942}") = "Chapter_5_1", "Chapter_5\Chapter_5.vcxproj", "{FC1FE8B9-F61E-48A7-A30F-D4951A38A6F0}"
EndProject
Project("{8BC9CEB8-8B4A-11D0-8D11-00A0C91BC942}") = "Chapter_5_2", "Chapter_5_2\Chapter_5_2.vcxproj", "{079AC3B4-688F-4A2D-BD4E-C1B9C935B048}"
EndProject
Project("{8BC9CEB8-8B4A-11D0-8D11-00A0C91BC942}") = "Chapter_6_1", "Chapter_6_1\Chapter_6_1.vcxproj", "{FB38B197-4C6C-4054-AC84-250DBC3FAC0B}"
EndProject
Project("{8BC9CEB8-8B4A-11D0-8D11-00A0C91BC942}") = "Chapter_6_2", "Chapter_6_2\Chapter_6_2.vcxproj", "{B63DF024-A0EE-4B77-8068-53860222CBA2}"
EndProject
Project("{2150E333-8FDC-42A3-9474-1A3956D46DE8}") = "Chapter_6", "Chapter_6", "{29BF458C-2590-417A-9C09-374732224719}"
EndProject
Project("{2150E333-8FDC-42A3-9474-1A3956D46DE8}") = "Chapter_1", "Chapter_1", "{4D337EFA-FAC3-45BE-B3FF-E42A74034A56}"
EndProject
Project("{2150E333-8FDC-42A3-9474-1A3956D46DE8}") = "Chapter_2", "Chapter_2", "{C5E39C6D-EFF2-47DE-98F2-60BCD0266FAC}"
EndProject
Project("{2150E333-8FDC-42A3-9474-1A3956D46DE8}") = "Chapter_3", "Chapter_3", "{7DA14660-FC00-4F9A-A969-1259D9471DFA}"
EndProject
Project("{2150E333-8FDC-42A3-9474-1A3956D46DE8}") = "Chapter_4", "Chapter_4", "{21641EA8-B892-4329-BA5F-19F8BA274277}"
EndProject
Project("{2150E333-8FDC-42A3-9474-1A3956D46DE8}") = "Chapter_5", "Chapter_5", "{9EB32F51-74E9-48C0-87AA-D8456C582C7A}"
EndProject
Project("{8BC9CEB8-8B4A-11D0-8D11-00A0C91BC942}") = "Chapter_6_3", "Chapter_6_3\Chapter_6_3.vcxproj", "{1B45D69F-7EAC-422C-AC9D-82F7AD729C5B}"
EndProject
Project("{8BC9CEB8-8B4A-11D0-8D11-00A0C91BC942}") = "Chapter_6_4", "Chapter_6_4\Chapter_6_4.vcxproj", "{9C168AFC-EE1B-4C5A-BBF7-9610FE253CEE}"
EndProject
Project("{8BC9CEB8-8B4A-11D0-8D11-00A0C91BC942}") = "Chapter_6_5", "Chapter_6_5\Chapter_6_5.vcxproj", "{3AC3E7A2-59C7-49A9-A96A-A178937B263D}"
EndProject
Project("{8BC9CEB8-8B4A-11D0-8D11-00A0C91BC942}") = "Chapter_6_6", "Chapter_6_6\Chapter_6_6.vcxproj", "{174075C1-2379-46EE-A931-51E99C281DCB}"
EndProject
Project("{2150E333-8FDC-42A3-9474-1A3956D46DE8}") = "Chapter_7", "Chapter_7", "{37DEB1B1-9864-4D23-8579-0F0FB3415F7A}"
EndProject
Project("{8BC9CEB8-8B4A-11D0-8D11-00A0C91BC942}") = "1_Single", "1_Single\1_Single.vcxproj", "{E87B8789-2A20-45C7-A130-E7E049C116F6}"
EndProject
Project("{2150E333-8FDC-42A3-9474-1A3956D46DE8}") = "Chapter_8", "Chapter_8", "{04091450-A8A0-46B2-9179-D15BB2983324}"
EndProject
Project("{8BC9CEB8-8B4A-11D0-8D11-00A0C91BC942}") = "Chapter_8_1", "Chapter_8_1\Chapter_8_1.vcxproj", "{D7B31F47-D89F-4104-96FB-9A682D67EFE4}"
EndProject
Project("{8BC9CEB8-8B4A-11D0-8D11-00A0C91BC942}") = "Chapter_8_2", "Chapter_8_2\Chapter_8_2.vcxproj", "{7C5C2AE9-B6F6-4249-834A-13DDB36FBEBF}"
EndProject
Project("{8BC9CEB8-8B4A-11D0-8D11-00A0C91BC942}") = "Chapter_8_1_test", "Chapter_8_1_test\Chapter_8_1_test.vcxproj", "{4B2BA796-7CD5-4871-8489-7D22DEE816E1}"
EndProject
Project("{2150E333-8FDC-42A3-9474-1A3956D46DE8}") = "Chapter_9", "Chapter_9", "{3B669939-198D-41DA-ABD2-5DA50CF58C11}"
EndProject
Project("{8BC9CEB8-8B4A-11D0-8D11-00A0C91BC942}") = "Chapater_9_0", "Chpater_9_0\Chpater_9_0.vcxproj", "{F9003C26-07AE-4F70-A998-3344D67714EB}"
EndProject
Project("{8BC9CEB8-8B4A-11D0-8D11-00A0C91BC942}") = "Chapter_9_1", "Chapter_9_1\Chapter_9_1.vcxproj", "{D7F47AFA-0000-47A0-B86D-4DEB41235EA9}"
EndProject
Project("{8BC9CEB8-8B4A-11D0-8D11-00A0C91BC942}") = "Chapter_4_10", "Chapter_4_10\Chapter_4_10.vcxproj", "{22AAF642-ACCC-4B77-9F5B-A58FBFDF4ACA}"
EndProject
Project("{8BC9CEB8-8B4A-11D0-8D11-00A0C91BC942}") = "Chapter_4_11", "Chapter_4_11\Chapter_4_11.vcxproj", "{AEA10398-70F5-4A3D-9232-455AC4A01A84}"
EndProject
Project("{8BC9CEB8-8B4A-11D0-8D11-00A0C91BC942}") = "Chapter_4_12", "Chapter_4_12\Chapter_4_12.vcxproj", "{4483AA62-6977-46B6-AD1A-7DF0A97DC776}"
EndProject
<<<<<<< HEAD
Project("{8BC9CEB8-8B4A-11D0-8D11-00A0C91BC942}") = "Chapter_4_13", "Chapter_4_13\Chapter_4_13.vcxproj", "{8FCE544D-568F-4732-889F-1F2192872257}"
=======
Project("{8BC9CEB8-8B4A-11D0-8D11-00A0C91BC942}") = "Chapter_4_13", "Chapter_4_13\Chapter_4_13.vcxproj", "{027D2F99-4117-4983-965C-31533DFA2296}"
>>>>>>> b9436fd608cc93c7a7d2d62588a54e269a567bdf
EndProject
Global
	GlobalSection(SolutionConfigurationPlatforms) = preSolution
		Debug|x64 = Debug|x64
		Debug|x86 = Debug|x86
		Release|x64 = Release|x64
		Release|x86 = Release|x86
	EndGlobalSection
	GlobalSection(ProjectConfigurationPlatforms) = postSolution
		{59079C59-7FA8-47F2-B06A-44C9214023FC}.Debug|x64.ActiveCfg = Debug|x64
		{59079C59-7FA8-47F2-B06A-44C9214023FC}.Debug|x64.Build.0 = Debug|x64
		{59079C59-7FA8-47F2-B06A-44C9214023FC}.Debug|x86.ActiveCfg = Debug|Win32
		{59079C59-7FA8-47F2-B06A-44C9214023FC}.Debug|x86.Build.0 = Debug|Win32
		{59079C59-7FA8-47F2-B06A-44C9214023FC}.Release|x64.ActiveCfg = Release|x64
		{59079C59-7FA8-47F2-B06A-44C9214023FC}.Release|x64.Build.0 = Release|x64
		{59079C59-7FA8-47F2-B06A-44C9214023FC}.Release|x86.ActiveCfg = Release|Win32
		{59079C59-7FA8-47F2-B06A-44C9214023FC}.Release|x86.Build.0 = Release|Win32
		{DB60D192-D67F-436A-B7FA-5B37E4E87933}.Debug|x64.ActiveCfg = Debug|x64
		{DB60D192-D67F-436A-B7FA-5B37E4E87933}.Debug|x64.Build.0 = Debug|x64
		{DB60D192-D67F-436A-B7FA-5B37E4E87933}.Debug|x86.ActiveCfg = Debug|Win32
		{DB60D192-D67F-436A-B7FA-5B37E4E87933}.Debug|x86.Build.0 = Debug|Win32
		{DB60D192-D67F-436A-B7FA-5B37E4E87933}.Release|x64.ActiveCfg = Release|x64
		{DB60D192-D67F-436A-B7FA-5B37E4E87933}.Release|x64.Build.0 = Release|x64
		{DB60D192-D67F-436A-B7FA-5B37E4E87933}.Release|x86.ActiveCfg = Release|Win32
		{DB60D192-D67F-436A-B7FA-5B37E4E87933}.Release|x86.Build.0 = Release|Win32
		{04E2BCC6-EB1C-4AFE-B15F-89723C7F4722}.Debug|x64.ActiveCfg = Debug|x64
		{04E2BCC6-EB1C-4AFE-B15F-89723C7F4722}.Debug|x64.Build.0 = Debug|x64
		{04E2BCC6-EB1C-4AFE-B15F-89723C7F4722}.Debug|x86.ActiveCfg = Debug|Win32
		{04E2BCC6-EB1C-4AFE-B15F-89723C7F4722}.Debug|x86.Build.0 = Debug|Win32
		{04E2BCC6-EB1C-4AFE-B15F-89723C7F4722}.Release|x64.ActiveCfg = Release|x64
		{04E2BCC6-EB1C-4AFE-B15F-89723C7F4722}.Release|x64.Build.0 = Release|x64
		{04E2BCC6-EB1C-4AFE-B15F-89723C7F4722}.Release|x86.ActiveCfg = Release|Win32
		{04E2BCC6-EB1C-4AFE-B15F-89723C7F4722}.Release|x86.Build.0 = Release|Win32
		{944ED506-43A6-4082-97DF-971668316C9B}.Debug|x64.ActiveCfg = Debug|x64
		{944ED506-43A6-4082-97DF-971668316C9B}.Debug|x64.Build.0 = Debug|x64
		{944ED506-43A6-4082-97DF-971668316C9B}.Debug|x86.ActiveCfg = Debug|Win32
		{944ED506-43A6-4082-97DF-971668316C9B}.Debug|x86.Build.0 = Debug|Win32
		{944ED506-43A6-4082-97DF-971668316C9B}.Release|x64.ActiveCfg = Release|x64
		{944ED506-43A6-4082-97DF-971668316C9B}.Release|x64.Build.0 = Release|x64
		{944ED506-43A6-4082-97DF-971668316C9B}.Release|x86.ActiveCfg = Release|Win32
		{944ED506-43A6-4082-97DF-971668316C9B}.Release|x86.Build.0 = Release|Win32
		{FC1FE8B9-F61E-48A7-A30F-D4951A38A6F0}.Debug|x64.ActiveCfg = Debug|x64
		{FC1FE8B9-F61E-48A7-A30F-D4951A38A6F0}.Debug|x64.Build.0 = Debug|x64
		{FC1FE8B9-F61E-48A7-A30F-D4951A38A6F0}.Debug|x86.ActiveCfg = Debug|Win32
		{FC1FE8B9-F61E-48A7-A30F-D4951A38A6F0}.Debug|x86.Build.0 = Debug|Win32
		{FC1FE8B9-F61E-48A7-A30F-D4951A38A6F0}.Release|x64.ActiveCfg = Release|x64
		{FC1FE8B9-F61E-48A7-A30F-D4951A38A6F0}.Release|x64.Build.0 = Release|x64
		{FC1FE8B9-F61E-48A7-A30F-D4951A38A6F0}.Release|x86.ActiveCfg = Release|Win32
		{FC1FE8B9-F61E-48A7-A30F-D4951A38A6F0}.Release|x86.Build.0 = Release|Win32
		{079AC3B4-688F-4A2D-BD4E-C1B9C935B048}.Debug|x64.ActiveCfg = Debug|x64
		{079AC3B4-688F-4A2D-BD4E-C1B9C935B048}.Debug|x64.Build.0 = Debug|x64
		{079AC3B4-688F-4A2D-BD4E-C1B9C935B048}.Debug|x86.ActiveCfg = Debug|Win32
		{079AC3B4-688F-4A2D-BD4E-C1B9C935B048}.Debug|x86.Build.0 = Debug|Win32
		{079AC3B4-688F-4A2D-BD4E-C1B9C935B048}.Release|x64.ActiveCfg = Release|x64
		{079AC3B4-688F-4A2D-BD4E-C1B9C935B048}.Release|x64.Build.0 = Release|x64
		{079AC3B4-688F-4A2D-BD4E-C1B9C935B048}.Release|x86.ActiveCfg = Release|Win32
		{079AC3B4-688F-4A2D-BD4E-C1B9C935B048}.Release|x86.Build.0 = Release|Win32
		{FB38B197-4C6C-4054-AC84-250DBC3FAC0B}.Debug|x64.ActiveCfg = Debug|x64
		{FB38B197-4C6C-4054-AC84-250DBC3FAC0B}.Debug|x64.Build.0 = Debug|x64
		{FB38B197-4C6C-4054-AC84-250DBC3FAC0B}.Debug|x86.ActiveCfg = Debug|Win32
		{FB38B197-4C6C-4054-AC84-250DBC3FAC0B}.Debug|x86.Build.0 = Debug|Win32
		{FB38B197-4C6C-4054-AC84-250DBC3FAC0B}.Release|x64.ActiveCfg = Release|x64
		{FB38B197-4C6C-4054-AC84-250DBC3FAC0B}.Release|x64.Build.0 = Release|x64
		{FB38B197-4C6C-4054-AC84-250DBC3FAC0B}.Release|x86.ActiveCfg = Release|Win32
		{FB38B197-4C6C-4054-AC84-250DBC3FAC0B}.Release|x86.Build.0 = Release|Win32
		{B63DF024-A0EE-4B77-8068-53860222CBA2}.Debug|x64.ActiveCfg = Debug|x64
		{B63DF024-A0EE-4B77-8068-53860222CBA2}.Debug|x64.Build.0 = Debug|x64
		{B63DF024-A0EE-4B77-8068-53860222CBA2}.Debug|x86.ActiveCfg = Debug|Win32
		{B63DF024-A0EE-4B77-8068-53860222CBA2}.Debug|x86.Build.0 = Debug|Win32
		{B63DF024-A0EE-4B77-8068-53860222CBA2}.Release|x64.ActiveCfg = Release|x64
		{B63DF024-A0EE-4B77-8068-53860222CBA2}.Release|x64.Build.0 = Release|x64
		{B63DF024-A0EE-4B77-8068-53860222CBA2}.Release|x86.ActiveCfg = Release|Win32
		{B63DF024-A0EE-4B77-8068-53860222CBA2}.Release|x86.Build.0 = Release|Win32
		{1B45D69F-7EAC-422C-AC9D-82F7AD729C5B}.Debug|x64.ActiveCfg = Debug|x64
		{1B45D69F-7EAC-422C-AC9D-82F7AD729C5B}.Debug|x64.Build.0 = Debug|x64
		{1B45D69F-7EAC-422C-AC9D-82F7AD729C5B}.Debug|x86.ActiveCfg = Debug|Win32
		{1B45D69F-7EAC-422C-AC9D-82F7AD729C5B}.Debug|x86.Build.0 = Debug|Win32
		{1B45D69F-7EAC-422C-AC9D-82F7AD729C5B}.Release|x64.ActiveCfg = Release|x64
		{1B45D69F-7EAC-422C-AC9D-82F7AD729C5B}.Release|x64.Build.0 = Release|x64
		{1B45D69F-7EAC-422C-AC9D-82F7AD729C5B}.Release|x86.ActiveCfg = Release|Win32
		{1B45D69F-7EAC-422C-AC9D-82F7AD729C5B}.Release|x86.Build.0 = Release|Win32
		{9C168AFC-EE1B-4C5A-BBF7-9610FE253CEE}.Debug|x64.ActiveCfg = Debug|x64
		{9C168AFC-EE1B-4C5A-BBF7-9610FE253CEE}.Debug|x64.Build.0 = Debug|x64
		{9C168AFC-EE1B-4C5A-BBF7-9610FE253CEE}.Debug|x86.ActiveCfg = Debug|Win32
		{9C168AFC-EE1B-4C5A-BBF7-9610FE253CEE}.Debug|x86.Build.0 = Debug|Win32
		{9C168AFC-EE1B-4C5A-BBF7-9610FE253CEE}.Release|x64.ActiveCfg = Release|x64
		{9C168AFC-EE1B-4C5A-BBF7-9610FE253CEE}.Release|x64.Build.0 = Release|x64
		{9C168AFC-EE1B-4C5A-BBF7-9610FE253CEE}.Release|x86.ActiveCfg = Release|Win32
		{9C168AFC-EE1B-4C5A-BBF7-9610FE253CEE}.Release|x86.Build.0 = Release|Win32
		{3AC3E7A2-59C7-49A9-A96A-A178937B263D}.Debug|x64.ActiveCfg = Debug|x64
		{3AC3E7A2-59C7-49A9-A96A-A178937B263D}.Debug|x64.Build.0 = Debug|x64
		{3AC3E7A2-59C7-49A9-A96A-A178937B263D}.Debug|x86.ActiveCfg = Debug|Win32
		{3AC3E7A2-59C7-49A9-A96A-A178937B263D}.Debug|x86.Build.0 = Debug|Win32
		{3AC3E7A2-59C7-49A9-A96A-A178937B263D}.Release|x64.ActiveCfg = Release|x64
		{3AC3E7A2-59C7-49A9-A96A-A178937B263D}.Release|x64.Build.0 = Release|x64
		{3AC3E7A2-59C7-49A9-A96A-A178937B263D}.Release|x86.ActiveCfg = Release|Win32
		{3AC3E7A2-59C7-49A9-A96A-A178937B263D}.Release|x86.Build.0 = Release|Win32
		{174075C1-2379-46EE-A931-51E99C281DCB}.Debug|x64.ActiveCfg = Debug|x64
		{174075C1-2379-46EE-A931-51E99C281DCB}.Debug|x64.Build.0 = Debug|x64
		{174075C1-2379-46EE-A931-51E99C281DCB}.Debug|x86.ActiveCfg = Debug|Win32
		{174075C1-2379-46EE-A931-51E99C281DCB}.Debug|x86.Build.0 = Debug|Win32
		{174075C1-2379-46EE-A931-51E99C281DCB}.Release|x64.ActiveCfg = Release|x64
		{174075C1-2379-46EE-A931-51E99C281DCB}.Release|x64.Build.0 = Release|x64
		{174075C1-2379-46EE-A931-51E99C281DCB}.Release|x86.ActiveCfg = Release|Win32
		{174075C1-2379-46EE-A931-51E99C281DCB}.Release|x86.Build.0 = Release|Win32
		{E87B8789-2A20-45C7-A130-E7E049C116F6}.Debug|x64.ActiveCfg = Debug|x64
		{E87B8789-2A20-45C7-A130-E7E049C116F6}.Debug|x64.Build.0 = Debug|x64
		{E87B8789-2A20-45C7-A130-E7E049C116F6}.Debug|x86.ActiveCfg = Debug|Win32
		{E87B8789-2A20-45C7-A130-E7E049C116F6}.Debug|x86.Build.0 = Debug|Win32
		{E87B8789-2A20-45C7-A130-E7E049C116F6}.Release|x64.ActiveCfg = Release|x64
		{E87B8789-2A20-45C7-A130-E7E049C116F6}.Release|x64.Build.0 = Release|x64
		{E87B8789-2A20-45C7-A130-E7E049C116F6}.Release|x86.ActiveCfg = Release|Win32
		{E87B8789-2A20-45C7-A130-E7E049C116F6}.Release|x86.Build.0 = Release|Win32
		{D7B31F47-D89F-4104-96FB-9A682D67EFE4}.Debug|x64.ActiveCfg = Debug|x64
		{D7B31F47-D89F-4104-96FB-9A682D67EFE4}.Debug|x64.Build.0 = Debug|x64
		{D7B31F47-D89F-4104-96FB-9A682D67EFE4}.Debug|x86.ActiveCfg = Debug|Win32
		{D7B31F47-D89F-4104-96FB-9A682D67EFE4}.Debug|x86.Build.0 = Debug|Win32
		{D7B31F47-D89F-4104-96FB-9A682D67EFE4}.Release|x64.ActiveCfg = Release|x64
		{D7B31F47-D89F-4104-96FB-9A682D67EFE4}.Release|x64.Build.0 = Release|x64
		{D7B31F47-D89F-4104-96FB-9A682D67EFE4}.Release|x86.ActiveCfg = Release|Win32
		{D7B31F47-D89F-4104-96FB-9A682D67EFE4}.Release|x86.Build.0 = Release|Win32
		{7C5C2AE9-B6F6-4249-834A-13DDB36FBEBF}.Debug|x64.ActiveCfg = Debug|x64
		{7C5C2AE9-B6F6-4249-834A-13DDB36FBEBF}.Debug|x64.Build.0 = Debug|x64
		{7C5C2AE9-B6F6-4249-834A-13DDB36FBEBF}.Debug|x86.ActiveCfg = Debug|Win32
		{7C5C2AE9-B6F6-4249-834A-13DDB36FBEBF}.Debug|x86.Build.0 = Debug|Win32
		{7C5C2AE9-B6F6-4249-834A-13DDB36FBEBF}.Release|x64.ActiveCfg = Release|x64
		{7C5C2AE9-B6F6-4249-834A-13DDB36FBEBF}.Release|x64.Build.0 = Release|x64
		{7C5C2AE9-B6F6-4249-834A-13DDB36FBEBF}.Release|x86.ActiveCfg = Release|Win32
		{7C5C2AE9-B6F6-4249-834A-13DDB36FBEBF}.Release|x86.Build.0 = Release|Win32
		{4B2BA796-7CD5-4871-8489-7D22DEE816E1}.Debug|x64.ActiveCfg = Debug|x64
		{4B2BA796-7CD5-4871-8489-7D22DEE816E1}.Debug|x64.Build.0 = Debug|x64
		{4B2BA796-7CD5-4871-8489-7D22DEE816E1}.Debug|x86.ActiveCfg = Debug|Win32
		{4B2BA796-7CD5-4871-8489-7D22DEE816E1}.Debug|x86.Build.0 = Debug|Win32
		{4B2BA796-7CD5-4871-8489-7D22DEE816E1}.Release|x64.ActiveCfg = Release|x64
		{4B2BA796-7CD5-4871-8489-7D22DEE816E1}.Release|x64.Build.0 = Release|x64
		{4B2BA796-7CD5-4871-8489-7D22DEE816E1}.Release|x86.ActiveCfg = Release|Win32
		{4B2BA796-7CD5-4871-8489-7D22DEE816E1}.Release|x86.Build.0 = Release|Win32
		{F9003C26-07AE-4F70-A998-3344D67714EB}.Debug|x64.ActiveCfg = Debug|x64
		{F9003C26-07AE-4F70-A998-3344D67714EB}.Debug|x64.Build.0 = Debug|x64
		{F9003C26-07AE-4F70-A998-3344D67714EB}.Debug|x86.ActiveCfg = Debug|Win32
		{F9003C26-07AE-4F70-A998-3344D67714EB}.Debug|x86.Build.0 = Debug|Win32
		{F9003C26-07AE-4F70-A998-3344D67714EB}.Release|x64.ActiveCfg = Release|x64
		{F9003C26-07AE-4F70-A998-3344D67714EB}.Release|x64.Build.0 = Release|x64
		{F9003C26-07AE-4F70-A998-3344D67714EB}.Release|x86.ActiveCfg = Release|Win32
		{F9003C26-07AE-4F70-A998-3344D67714EB}.Release|x86.Build.0 = Release|Win32
		{D7F47AFA-0000-47A0-B86D-4DEB41235EA9}.Debug|x64.ActiveCfg = Debug|x64
		{D7F47AFA-0000-47A0-B86D-4DEB41235EA9}.Debug|x64.Build.0 = Debug|x64
		{D7F47AFA-0000-47A0-B86D-4DEB41235EA9}.Debug|x86.ActiveCfg = Debug|Win32
		{D7F47AFA-0000-47A0-B86D-4DEB41235EA9}.Debug|x86.Build.0 = Debug|Win32
		{D7F47AFA-0000-47A0-B86D-4DEB41235EA9}.Release|x64.ActiveCfg = Release|x64
		{D7F47AFA-0000-47A0-B86D-4DEB41235EA9}.Release|x64.Build.0 = Release|x64
		{D7F47AFA-0000-47A0-B86D-4DEB41235EA9}.Release|x86.ActiveCfg = Release|Win32
		{D7F47AFA-0000-47A0-B86D-4DEB41235EA9}.Release|x86.Build.0 = Release|Win32
		{22AAF642-ACCC-4B77-9F5B-A58FBFDF4ACA}.Debug|x64.ActiveCfg = Debug|x64
		{22AAF642-ACCC-4B77-9F5B-A58FBFDF4ACA}.Debug|x64.Build.0 = Debug|x64
		{22AAF642-ACCC-4B77-9F5B-A58FBFDF4ACA}.Debug|x86.ActiveCfg = Debug|Win32
		{22AAF642-ACCC-4B77-9F5B-A58FBFDF4ACA}.Debug|x86.Build.0 = Debug|Win32
		{22AAF642-ACCC-4B77-9F5B-A58FBFDF4ACA}.Release|x64.ActiveCfg = Release|x64
		{22AAF642-ACCC-4B77-9F5B-A58FBFDF4ACA}.Release|x64.Build.0 = Release|x64
		{22AAF642-ACCC-4B77-9F5B-A58FBFDF4ACA}.Release|x86.ActiveCfg = Release|Win32
		{22AAF642-ACCC-4B77-9F5B-A58FBFDF4ACA}.Release|x86.Build.0 = Release|Win32
		{AEA10398-70F5-4A3D-9232-455AC4A01A84}.Debug|x64.ActiveCfg = Debug|x64
		{AEA10398-70F5-4A3D-9232-455AC4A01A84}.Debug|x64.Build.0 = Debug|x64
		{AEA10398-70F5-4A3D-9232-455AC4A01A84}.Debug|x86.ActiveCfg = Debug|Win32
		{AEA10398-70F5-4A3D-9232-455AC4A01A84}.Debug|x86.Build.0 = Debug|Win32
		{AEA10398-70F5-4A3D-9232-455AC4A01A84}.Release|x64.ActiveCfg = Release|x64
		{AEA10398-70F5-4A3D-9232-455AC4A01A84}.Release|x64.Build.0 = Release|x64
		{AEA10398-70F5-4A3D-9232-455AC4A01A84}.Release|x86.ActiveCfg = Release|Win32
		{AEA10398-70F5-4A3D-9232-455AC4A01A84}.Release|x86.Build.0 = Release|Win32
		{4483AA62-6977-46B6-AD1A-7DF0A97DC776}.Debug|x64.ActiveCfg = Debug|x64
		{4483AA62-6977-46B6-AD1A-7DF0A97DC776}.Debug|x64.Build.0 = Debug|x64
		{4483AA62-6977-46B6-AD1A-7DF0A97DC776}.Debug|x86.ActiveCfg = Debug|Win32
		{4483AA62-6977-46B6-AD1A-7DF0A97DC776}.Debug|x86.Build.0 = Debug|Win32
		{4483AA62-6977-46B6-AD1A-7DF0A97DC776}.Release|x64.ActiveCfg = Release|x64
		{4483AA62-6977-46B6-AD1A-7DF0A97DC776}.Release|x64.Build.0 = Release|x64
		{4483AA62-6977-46B6-AD1A-7DF0A97DC776}.Release|x86.ActiveCfg = Release|Win32
		{4483AA62-6977-46B6-AD1A-7DF0A97DC776}.Release|x86.Build.0 = Release|Win32
<<<<<<< HEAD
		{8FCE544D-568F-4732-889F-1F2192872257}.Debug|x64.ActiveCfg = Debug|x64
		{8FCE544D-568F-4732-889F-1F2192872257}.Debug|x64.Build.0 = Debug|x64
		{8FCE544D-568F-4732-889F-1F2192872257}.Debug|x86.ActiveCfg = Debug|Win32
		{8FCE544D-568F-4732-889F-1F2192872257}.Debug|x86.Build.0 = Debug|Win32
		{8FCE544D-568F-4732-889F-1F2192872257}.Release|x64.ActiveCfg = Release|x64
		{8FCE544D-568F-4732-889F-1F2192872257}.Release|x64.Build.0 = Release|x64
		{8FCE544D-568F-4732-889F-1F2192872257}.Release|x86.ActiveCfg = Release|Win32
		{8FCE544D-568F-4732-889F-1F2192872257}.Release|x86.Build.0 = Release|Win32
=======
		{027D2F99-4117-4983-965C-31533DFA2296}.Debug|x64.ActiveCfg = Debug|x64
		{027D2F99-4117-4983-965C-31533DFA2296}.Debug|x64.Build.0 = Debug|x64
		{027D2F99-4117-4983-965C-31533DFA2296}.Debug|x86.ActiveCfg = Debug|Win32
		{027D2F99-4117-4983-965C-31533DFA2296}.Debug|x86.Build.0 = Debug|Win32
		{027D2F99-4117-4983-965C-31533DFA2296}.Release|x64.ActiveCfg = Release|x64
		{027D2F99-4117-4983-965C-31533DFA2296}.Release|x64.Build.0 = Release|x64
		{027D2F99-4117-4983-965C-31533DFA2296}.Release|x86.ActiveCfg = Release|Win32
		{027D2F99-4117-4983-965C-31533DFA2296}.Release|x86.Build.0 = Release|Win32
>>>>>>> b9436fd608cc93c7a7d2d62588a54e269a567bdf
	EndGlobalSection
	GlobalSection(SolutionProperties) = preSolution
		HideSolutionNode = FALSE
	EndGlobalSection
	GlobalSection(NestedProjects) = preSolution
		{59079C59-7FA8-47F2-B06A-44C9214023FC} = {C5E39C6D-EFF2-47DE-98F2-60BCD0266FAC}
		{DB60D192-D67F-436A-B7FA-5B37E4E87933} = {7DA14660-FC00-4F9A-A969-1259D9471DFA}
		{04E2BCC6-EB1C-4AFE-B15F-89723C7F4722} = {4D337EFA-FAC3-45BE-B3FF-E42A74034A56}
		{944ED506-43A6-4082-97DF-971668316C9B} = {21641EA8-B892-4329-BA5F-19F8BA274277}
		{FC1FE8B9-F61E-48A7-A30F-D4951A38A6F0} = {9EB32F51-74E9-48C0-87AA-D8456C582C7A}
		{079AC3B4-688F-4A2D-BD4E-C1B9C935B048} = {9EB32F51-74E9-48C0-87AA-D8456C582C7A}
		{FB38B197-4C6C-4054-AC84-250DBC3FAC0B} = {29BF458C-2590-417A-9C09-374732224719}
		{B63DF024-A0EE-4B77-8068-53860222CBA2} = {29BF458C-2590-417A-9C09-374732224719}
		{1B45D69F-7EAC-422C-AC9D-82F7AD729C5B} = {29BF458C-2590-417A-9C09-374732224719}
		{9C168AFC-EE1B-4C5A-BBF7-9610FE253CEE} = {29BF458C-2590-417A-9C09-374732224719}
		{3AC3E7A2-59C7-49A9-A96A-A178937B263D} = {29BF458C-2590-417A-9C09-374732224719}
		{174075C1-2379-46EE-A931-51E99C281DCB} = {29BF458C-2590-417A-9C09-374732224719}
		{E87B8789-2A20-45C7-A130-E7E049C116F6} = {37DEB1B1-9864-4D23-8579-0F0FB3415F7A}
		{D7B31F47-D89F-4104-96FB-9A682D67EFE4} = {04091450-A8A0-46B2-9179-D15BB2983324}
		{7C5C2AE9-B6F6-4249-834A-13DDB36FBEBF} = {04091450-A8A0-46B2-9179-D15BB2983324}
		{4B2BA796-7CD5-4871-8489-7D22DEE816E1} = {04091450-A8A0-46B2-9179-D15BB2983324}
		{F9003C26-07AE-4F70-A998-3344D67714EB} = {3B669939-198D-41DA-ABD2-5DA50CF58C11}
		{D7F47AFA-0000-47A0-B86D-4DEB41235EA9} = {3B669939-198D-41DA-ABD2-5DA50CF58C11}
		{22AAF642-ACCC-4B77-9F5B-A58FBFDF4ACA} = {21641EA8-B892-4329-BA5F-19F8BA274277}
		{AEA10398-70F5-4A3D-9232-455AC4A01A84} = {21641EA8-B892-4329-BA5F-19F8BA274277}
		{4483AA62-6977-46B6-AD1A-7DF0A97DC776} = {21641EA8-B892-4329-BA5F-19F8BA274277}
<<<<<<< HEAD
		{8FCE544D-568F-4732-889F-1F2192872257} = {21641EA8-B892-4329-BA5F-19F8BA274277}
=======
		{027D2F99-4117-4983-965C-31533DFA2296} = {21641EA8-B892-4329-BA5F-19F8BA274277}
>>>>>>> b9436fd608cc93c7a7d2d62588a54e269a567bdf
	EndGlobalSection
	GlobalSection(ExtensibilityGlobals) = postSolution
		SolutionGuid = {CF9392D8-2642-4330-93D7-A2BD637E0B82}
	EndGlobalSection
EndGlobal
